# THIS IS AN AUTOGENERATED FILE. DO NOT EDIT THIS FILE DIRECTLY.
# yarn lockfile v1


"@fortawesome/fontawesome-free@^6.2.1":
  version "6.2.1"
  resolved "https://registry.yarnpkg.com/@fortawesome/fontawesome-free/-/fontawesome-free-6.2.1.tgz#344baf6ff9eaad7a73cff067d8c56bfc11ae5304"
  integrity sha512-viouXhegu/TjkvYQoiRZK3aax69dGXxgEjpvZW81wIJdxm5Fnvp3VVIP4VHKqX4SvFw6qpmkILkD4RJWAdrt7A==

"@rails/ujs@^7.0.4-2":
  version "7.0.4-2"
  resolved "https://registry.yarnpkg.com/@rails/ujs/-/ujs-7.0.4-2.tgz#62b108cc297c0c60f415720295673ee73f08e210"
  integrity sha512-ec6e2+YSfg4DgrVzIYzpo7ayze6dOu+lZ6RsIR+COkuZCp2QGMEyHZQzNdHt065FjCtpv6wRZQIybAtWrzPqlQ==
